
Microsoft Visual Studio Solution File, Format Version 12.00
# Visual Studio Version 16
VisualStudioVersion = 16.0.30406.217
MinimumVisualStudioVersion = 10.0.40219.1
Project("{FAE04EC0-301F-11D3-BF4B-00C04F79EFBC}") = "CAPA_PRESENTACION", "..\Vista\CAPA_PRESENTACION.csproj", "{A648DFBF-1695-4848-8AB1-23797D5E2749}"
EndProject
Project("{FAE04EC0-301F-11D3-BF4B-00C04F79EFBC}") = "LOGICA", "..\Logica1\LOGICA.csproj", "{7ABD3CEA-C48D-4768-A4CA-4B42E4B43378}"
EndProject
Project("{FAE04EC0-301F-11D3-BF4B-00C04F79EFBC}") = "MODELO", "..\Model\MODELO.csproj", "{1958C833-31DF-420A-8763-9B2E172AAE7A}"
EndProject
Global
	GlobalSection(SolutionConfigurationPlatforms) = preSolution
		Debug|Any CPU = Debug|Any CPU
		Release|Any CPU = Release|Any CPU
	EndGlobalSection
	GlobalSection(ProjectConfigurationPlatforms) = postSolution
		{A648DFBF-1695-4848-8AB1-23797D5E2749}.Debug|Any CPU.ActiveCfg = Debug|Any CPU
		{A648DFBF-1695-4848-8AB1-23797D5E2749}.Debug|Any CPU.Build.0 = Debug|Any CPU
		{A648DFBF-1695-4848-8AB1-23797D5E2749}.Release|Any CPU.ActiveCfg = Release|Any CPU
		{A648DFBF-1695-4848-8AB1-23797D5E2749}.Release|Any CPU.Build.0 = Release|Any CPU
		{7ABD3CEA-C48D-4768-A4CA-4B42E4B43378}.Debug|Any CPU.ActiveCfg = Debug|Any CPU
		{7ABD3CEA-C48D-4768-A4CA-4B42E4B43378}.Debug|Any CPU.Build.0 = Debug|Any CPU
		{7ABD3CEA-C48D-4768-A4CA-4B42E4B43378}.Release|Any CPU.ActiveCfg = Release|Any CPU
		{7ABD3CEA-C48D-4768-A4CA-4B42E4B43378}.Release|Any CPU.Build.0 = Release|Any CPU
		{1958C833-31DF-420A-8763-9B2E172AAE7A}.Debug|Any CPU.ActiveCfg = Debug|Any CPU
		{1958C833-31DF-420A-8763-9B2E172AAE7A}.Debug|Any CPU.Build.0 = Debug|Any CPU
		{1958C833-31DF-420A-8763-9B2E172AAE7A}.Release|Any CPU.ActiveCfg = Release|Any CPU
		{1958C833-31DF-420A-8763-9B2E172AAE7A}.Release|Any CPU.Build.0 = Release|Any CPU
	EndGlobalSection
	GlobalSection(SolutionProperties) = preSolution
		HideSolutionNode = FALSE
	EndGlobalSection
	GlobalSection(ExtensibilityGlobals) = postSolution
		SolutionGuid = {4D516872-342A-4D5C-9FB8-45D8ED03E557}
	EndGlobalSection
EndGlobal
